PODS:
  - EyePasswordTextField (0.1.0)

DEPENDENCIES:
  - EyePasswordTextField (from `../`)

EXTERNAL SOURCES:
  EyePasswordTextField:
    :path: "../"

SPEC CHECKSUMS:
  EyePasswordTextField: 5cd8ea48d18826ac8993cb7226032fa7f0d1fb82

PODFILE CHECKSUM: 1ad76e9a7ddd72bb4470ff50d46abefab258f74b

COCOAPODS: 1.10.0
